
Microsoft Visual Studio Solution File, Format Version 11.00
# Visual Studio 2010
Project("{FAE04EC0-301F-11D3-BF4B-00C04F79EFBC}") = "Restauracja", "Restauracja\Restauracja.csproj", "{1F44A933-AC6B-4458-8E6C-6E46B8CDFF1F}"
	ProjectSection(ProjectDependencies) = postProject
		{5AC6D002-251E-4568-BB56-026E52C664E0} = {5AC6D002-251E-4568-BB56-026E52C664E0}
	EndProjectSection
EndProject
Project("{FAE04EC0-301F-11D3-BF4B-00C04F79EFBC}") = "Restauracja.Web", "Restauracja.Web\Restauracja.Web.csproj", "{5AC6D002-251E-4568-BB56-026E52C664E0}"
EndProject
Project("{2150E333-8FDC-42A3-9474-1A3956D46DE8}") = "Client", "Client", "{B57E2577-46CB-425B-808F-195320ED576C}"
EndProject
Project("{2150E333-8FDC-42A3-9474-1A3956D46DE8}") = "Server", "Server", "{CCD36348-58D8-49BF-8E8C-E95B56F6400E}"
EndProject
Project("{FAE04EC0-301F-11D3-BF4B-00C04F79EFBC}") = "Restauracja.ServerDTO", "Restauracja.ServerDTO\Restauracja.ServerDTO.csproj", "{5B486759-3A04-49A4-8A92-A242E3B21171}"
EndProject
Project("{FAE04EC0-301F-11D3-BF4B-00C04F79EFBC}") = "Restauracja.ClientDTO", "Restauracja.ClientDTO\Restauracja.ClientDTO.csproj", "{9D021C4B-39AC-49E7-9E21-06223796129D}"
EndProject
Global
	GlobalSection(SolutionConfigurationPlatforms) = preSolution
		Debug|Any CPU = Debug|Any CPU
		Release|Any CPU = Release|Any CPU
	EndGlobalSection
	GlobalSection(ProjectConfigurationPlatforms) = postSolution
		{1F44A933-AC6B-4458-8E6C-6E46B8CDFF1F}.Debug|Any CPU.ActiveCfg = Debug|Any CPU
		{1F44A933-AC6B-4458-8E6C-6E46B8CDFF1F}.Debug|Any CPU.Build.0 = Debug|Any CPU
		{1F44A933-AC6B-4458-8E6C-6E46B8CDFF1F}.Release|Any CPU.ActiveCfg = Release|Any CPU
		{1F44A933-AC6B-4458-8E6C-6E46B8CDFF1F}.Release|Any CPU.Build.0 = Release|Any CPU
		{5AC6D002-251E-4568-BB56-026E52C664E0}.Debug|Any CPU.ActiveCfg = Debug|Any CPU
		{5AC6D002-251E-4568-BB56-026E52C664E0}.Debug|Any CPU.Build.0 = Debug|Any CPU
		{5AC6D002-251E-4568-BB56-026E52C664E0}.Release|Any CPU.ActiveCfg = Release|Any CPU
		{5AC6D002-251E-4568-BB56-026E52C664E0}.Release|Any CPU.Build.0 = Release|Any CPU
		{5B486759-3A04-49A4-8A92-A242E3B21171}.Debug|Any CPU.ActiveCfg = Debug|Any CPU
		{5B486759-3A04-49A4-8A92-A242E3B21171}.Debug|Any CPU.Build.0 = Debug|Any CPU
		{5B486759-3A04-49A4-8A92-A242E3B21171}.Release|Any CPU.ActiveCfg = Release|Any CPU
		{5B486759-3A04-49A4-8A92-A242E3B21171}.Release|Any CPU.Build.0 = Release|Any CPU
		{9D021C4B-39AC-49E7-9E21-06223796129D}.Debug|Any CPU.ActiveCfg = Debug|Any CPU
		{9D021C4B-39AC-49E7-9E21-06223796129D}.Debug|Any CPU.Build.0 = Debug|Any CPU
		{9D021C4B-39AC-49E7-9E21-06223796129D}.Release|Any CPU.ActiveCfg = Release|Any CPU
		{9D021C4B-39AC-49E7-9E21-06223796129D}.Release|Any CPU.Build.0 = Release|Any CPU
	EndGlobalSection
	GlobalSection(SolutionProperties) = preSolution
		HideSolutionNode = FALSE
	EndGlobalSection
	GlobalSection(NestedProjects) = preSolution
		{1F44A933-AC6B-4458-8E6C-6E46B8CDFF1F} = {B57E2577-46CB-425B-808F-195320ED576C}
		{9D021C4B-39AC-49E7-9E21-06223796129D} = {B57E2577-46CB-425B-808F-195320ED576C}
		{5AC6D002-251E-4568-BB56-026E52C664E0} = {CCD36348-58D8-49BF-8E8C-E95B56F6400E}
		{5B486759-3A04-49A4-8A92-A242E3B21171} = {CCD36348-58D8-49BF-8E8C-E95B56F6400E}
	EndGlobalSection
EndGlobal
